<?xml version="1.0" encoding="utf-8"?>
<Project ToolsVersion="4.0" xmlns="http://schemas.microsoft.com/developer/msbuild/2003">
  <ItemGroup>
    <Filter Include="Source Files">
      <UniqueIdentifier>{3FE3F9AA-4D02-4D0E-AE6F-8D2F4F4B5F93}</UniqueIdentifier>
      <Extensions>cpp;c;cc;cxx;c++;def;odl;idl;asm;asmx</Extensions>
    </Filter>
    <Filter Include="Header Files">
      <UniqueIdentifier>{F0E8D8F9-9AA5-4D17-9A63-31D80B5A4E3D}</UniqueIdentifier>
      <Extensions>h;hh;hpp;hxx;inl;inc</Extensions>
    </Filter>
    <Filter Include="XAML Files">
      <UniqueIdentifier>{61E0B986-5A8E-4C7C-9C7F-9CC6E10A7B65}</UniqueIdentifier>
      <Extensions>xaml</Extensions>
    </Filter>
  </ItemGroup>
  <ItemGroup>
    <ApplicationDefinition Include="App.xaml">
      <Filter>XAML Files</Filter>
    </ApplicationDefinition>
    <Page Include="MainWindow.xaml">
      <Filter>XAML Files</Filter>
    </Page>
    <ClInclude Include="App.xaml.h">
      <Filter>Header Files</Filter>
    </ClInclude>
    <ClInclude Include="MainWindow.xaml.h">
      <Filter>Header Files</Filter>
    </ClInclude>
    <ClInclude Include="NativeStateStore.h">
      <Filter>Header Files</Filter>
    </ClInclude>
    <ClInclude Include="TrayIconController.h">
      <Filter>Header Files</Filter>
    </ClInclude>
    <ClInclude Include="pch.h">
      <Filter>Header Files</Filter>
    </ClInclude>
  </ItemGroup>
  <ItemGroup>
    <ClCompile Include="App.xaml.cpp">
      <Filter>Source Files</Filter>
    </ClCompile>
    <ClCompile Include="MainWindow.xaml.cpp">
      <Filter>Source Files</Filter>
    </ClCompile>
    <ClCompile Include="NativeStateStore.cpp">
      <Filter>Source Files</Filter>
    </ClCompile>
    <ClCompile Include="TrayIconController.cpp">
      <Filter>Source Files</Filter>
    </ClCompile>
    <ClCompile Include="main.cpp">
      <Filter>Source Files</Filter>
    </ClCompile>
    <ClCompile Include="pch.cpp">
      <Filter>Source Files</Filter>
    </ClCompile>
  </ItemGroup>
</Project>
